
Microsoft Visual Studio Solution File, Format Version 12.00
# Visual Studio 15
VisualStudioVersion = 15.0.26228.4
MinimumVisualStudioVersion = 10.0.40219.1
Project("{FAE04EC0-301F-11D3-BF4B-00C04F79EFBC}") = "HR System", "HR System\HR System.csproj", "{502A3FDF-7F80-43B4-A058-0DA2612264F9}"
EndProject
Global
	GlobalSection(SolutionConfigurationPlatforms) = preSolution
		Debug|Any CPU = Debug|Any CPU
		Release|Any CPU = Release|Any CPU
	EndGlobalSection
	GlobalSection(ProjectConfigurationPlatforms) = postSolution
		{502A3FDF-7F80-43B4-A058-0DA2612264F9}.Debug|Any CPU.ActiveCfg = Debug|Any CPU
		{502A3FDF-7F80-43B4-A058-0DA2612264F9}.Debug|Any CPU.Build.0 = Debug|Any CPU
		{502A3FDF-7F80-43B4-A058-0DA2612264F9}.Release|Any CPU.ActiveCfg = Release|Any CPU
		{502A3FDF-7F80-43B4-A058-0DA2612264F9}.Release|Any CPU.Build.0 = Release|Any CPU
	EndGlobalSection
	GlobalSection(SolutionProperties) = preSolution
		HideSolutionNode = FALSE
	EndGlobalSection
	GlobalSection(ExtensibilityGlobals) = postSolution
		SolutionGuid = {C120AE60-51E1-4E73-B42D-C5D326F5EA36}
	EndGlobalSection
EndGlobal
